dependencies:
- name: memcached
  repository: https://charts.bitnami.com/bitnami
  version: 5.5.2
- name: memcached
  repository: https://charts.bitnami.com/bitnami
  version: 5.5.2
- name: memcached
  repository: https://charts.bitnami.com/bitnami
  version: 5.5.2
- name: minio
  repository: https://helm.min.io/
  version: 8.0.9
digest: sha256:a4f19f16d818da7216c6386eb1a8ff941619f100796525098fec318940c7f755
generated: "2022-03-02T13:09:14.605191711+01:00"
