dependencies:
- name: minio
  repository: https://helm.min.io/
  version: 8.0.10
- name: grafana-agent-operator
  repository: https://grafana.github.io/helm-charts
  version: 0.1.12
- name: rollout-operator
  repository: https://grafana.github.io/helm-charts
  version: 0.1.2
digest: sha256:8922dca47b46efa8cad3f7c796f6a7e9cbd7d9532b213db015dd2441fd09a1a0
generated: "2022-06-27T12:43:49.54726807-05:00"
