dependencies:
- name: minio
  repository: https://charts.min.io/
  version: 5.3.0
- name: grafana-agent-operator
  repository: https://grafana.github.io/helm-charts
  version: 0.5.0
- name: rollout-operator
  repository: https://grafana.github.io/helm-charts
  version: 0.19.0
digest: sha256:e6232f9d698486a62ee2453feecb29fc59185fc57c67bb31474bd47dc17ca042
generated: "2024-11-11T14:39:56.479577221Z"
